
Microsoft Visual Studio Solution File, Format Version 12.00
# Visual Studio 15
VisualStudioVersion = 15.0.28010.2048
MinimumVisualStudioVersion = 10.0.40219.1
Project("{FAE04EC0-301F-11D3-BF4B-00C04F79EFBC}") = "tds", "tds\tds.csproj", "{7232A746-D13D-4006-BF07-40F36C9364E6}"
EndProject
Global
	GlobalSection(SolutionConfigurationPlatforms) = preSolution
		Debug|Any CPU = Debug|Any CPU
		Release|Any CPU = Release|Any CPU
	EndGlobalSection
	GlobalSection(ProjectConfigurationPlatforms) = postSolution
		{7232A746-D13D-4006-BF07-40F36C9364E6}.Debug|Any CPU.ActiveCfg = Debug|Any CPU
		{7232A746-D13D-4006-BF07-40F36C9364E6}.Debug|Any CPU.Build.0 = Debug|Any CPU
		{7232A746-D13D-4006-BF07-40F36C9364E6}.Release|Any CPU.ActiveCfg = Release|Any CPU
		{7232A746-D13D-4006-BF07-40F36C9364E6}.Release|Any CPU.Build.0 = Release|Any CPU
	EndGlobalSection
	GlobalSection(SolutionProperties) = preSolution
		HideSolutionNode = FALSE
	EndGlobalSection
	GlobalSection(ExtensibilityGlobals) = postSolution
		SolutionGuid = {EC3CB97F-49DA-4213-BAB6-D4E41E37BAAE}
	EndGlobalSection
EndGlobal
